
Microsoft Visual Studio Solution File, Format Version 12.00
# Visual Studio Version 17
VisualStudioVersion = 17.10.34928.147
MinimumVisualStudioVersion = 10.0.40219.1
Project("{FAE04EC0-301F-11D3-BF4B-00C04F79EFBC}") = "SendingKeyEDS", "SendingKeyEDS\SendingKeyEDS.csproj", "{D915B9AF-B6E0-4A91-AE99-BF3D214C8480}"
EndProject
Global
	GlobalSection(SolutionConfigurationPlatforms) = preSolution
		Debug|Any CPU = Debug|Any CPU
		Release|Any CPU = Release|Any CPU
	EndGlobalSection
	GlobalSection(ProjectConfigurationPlatforms) = postSolution
		{D915B9AF-B6E0-4A91-AE99-BF3D214C8480}.Debug|Any CPU.ActiveCfg = Debug|Any CPU
		{D915B9AF-B6E0-4A91-AE99-BF3D214C8480}.Debug|Any CPU.Build.0 = Debug|Any CPU
		{D915B9AF-B6E0-4A91-AE99-BF3D214C8480}.Release|Any CPU.ActiveCfg = Release|Any CPU
		{D915B9AF-B6E0-4A91-AE99-BF3D214C8480}.Release|Any CPU.Build.0 = Release|Any CPU
	EndGlobalSection
	GlobalSection(SolutionProperties) = preSolution
		HideSolutionNode = FALSE
	EndGlobalSection
	GlobalSection(ExtensibilityGlobals) = postSolution
		SolutionGuid = {834EB139-92C8-4F5D-80C0-BE567A0FB718}
	EndGlobalSection
EndGlobal
